
Microsoft Visual Studio Solution File, Format Version 12.00
# Visual Studio 15
VisualStudioVersion = 15.0.28010.0
MinimumVisualStudioVersion = 10.0.40219.1
Project("{9A19103F-16F7-4668-BE54-9A1E7A4F7556}") = "ABCWebApi", "ABCWebApi\ABCWebApi.csproj", "{0E7CB3CC-8E42-4F52-A38E-AC63BB499C10}"
EndProject
Project("{2150E333-8FDC-42A3-9474-1A3956D46DE8}") = "Mobile Apps", "Mobile Apps", "{9E6047B5-28FC-4747-ACC0-ACFC972462EF}"
EndProject
Project("{FAE04EC0-301F-11D3-BF4B-00C04F79EFBC}") = "ClienteApp.Android", "ClienteApp\ClienteApp.Android\ClienteApp.Android.csproj", "{390A3F85-0FCE-44A7-A641-DB98DDB3A06B}"
EndProject
Project("{FAE04EC0-301F-11D3-BF4B-00C04F79EFBC}") = "ClienteApp.iOS", "ClienteApp\ClienteApp.iOS\ClienteApp.iOS.csproj", "{A015B093-4CB7-4124-92CD-38A70A59B9AA}"
EndProject
Project("{FAE04EC0-301F-11D3-BF4B-00C04F79EFBC}") = "ClienteApp", "ClienteApp\ClienteApp\ClienteApp.csproj", "{B803B09D-4E85-47B0-9778-2483EBEA6E00}"
EndProject
Global
	GlobalSection(SolutionConfigurationPlatforms) = preSolution
		Ad-Hoc|Any CPU = Ad-Hoc|Any CPU
		Ad-Hoc|iPhone = Ad-Hoc|iPhone
		Ad-Hoc|iPhoneSimulator = Ad-Hoc|iPhoneSimulator
		AppStore|Any CPU = AppStore|Any CPU
		AppStore|iPhone = AppStore|iPhone
		AppStore|iPhoneSimulator = AppStore|iPhoneSimulator
		Debug|Any CPU = Debug|Any CPU
		Debug|iPhone = Debug|iPhone
		Debug|iPhoneSimulator = Debug|iPhoneSimulator
		Release|Any CPU = Release|Any CPU
		Release|iPhone = Release|iPhone
		Release|iPhoneSimulator = Release|iPhoneSimulator
	EndGlobalSection
	GlobalSection(ProjectConfigurationPlatforms) = postSolution
		{0E7CB3CC-8E42-4F52-A38E-AC63BB499C10}.Ad-Hoc|Any CPU.ActiveCfg = Release|Any CPU
		{0E7CB3CC-8E42-4F52-A38E-AC63BB499C10}.Ad-Hoc|Any CPU.Build.0 = Release|Any CPU
		{0E7CB3CC-8E42-4F52-A38E-AC63BB499C10}.Ad-Hoc|iPhone.ActiveCfg = Release|Any CPU
		{0E7CB3CC-8E42-4F52-A38E-AC63BB499C10}.Ad-Hoc|iPhone.Build.0 = Release|Any CPU
		{0E7CB3CC-8E42-4F52-A38E-AC63BB499C10}.Ad-Hoc|iPhoneSimulator.ActiveCfg = Release|Any CPU
		{0E7CB3CC-8E42-4F52-A38E-AC63BB499C10}.Ad-Hoc|iPhoneSimulator.Build.0 = Release|Any CPU
		{0E7CB3CC-8E42-4F52-A38E-AC63BB499C10}.AppStore|Any CPU.ActiveCfg = Release|Any CPU
		{0E7CB3CC-8E42-4F52-A38E-AC63BB499C10}.AppStore|Any CPU.Build.0 = Release|Any CPU
		{0E7CB3CC-8E42-4F52-A38E-AC63BB499C10}.AppStore|iPhone.ActiveCfg = Release|Any CPU
		{0E7CB3CC-8E42-4F52-A38E-AC63BB499C10}.AppStore|iPhone.Build.0 = Release|Any CPU
		{0E7CB3CC-8E42-4F52-A38E-AC63BB499C10}.AppStore|iPhoneSimulator.ActiveCfg = Release|Any CPU
		{0E7CB3CC-8E42-4F52-A38E-AC63BB499C10}.AppStore|iPhoneSimulator.Build.0 = Release|Any CPU
		{0E7CB3CC-8E42-4F52-A38E-AC63BB499C10}.Debug|Any CPU.ActiveCfg = Debug|Any CPU
		{0E7CB3CC-8E42-4F52-A38E-AC63BB499C10}.Debug|Any CPU.Build.0 = Debug|Any CPU
		{0E7CB3CC-8E42-4F52-A38E-AC63BB499C10}.Debug|iPhone.ActiveCfg = Debug|Any CPU
		{0E7CB3CC-8E42-4F52-A38E-AC63BB499C10}.Debug|iPhone.Build.0 = Debug|Any CPU
		{0E7CB3CC-8E42-4F52-A38E-AC63BB499C10}.Debug|iPhoneSimulator.ActiveCfg = Debug|Any CPU
		{0E7CB3CC-8E42-4F52-A38E-AC63BB499C10}.Debug|iPhoneSimulator.Build.0 = Debug|Any CPU
		{0E7CB3CC-8E42-4F52-A38E-AC63BB499C10}.Release|Any CPU.ActiveCfg = Release|Any CPU
		{0E7CB3CC-8E42-4F52-A38E-AC63BB499C10}.Release|Any CPU.Build.0 = Release|Any CPU
		{0E7CB3CC-8E42-4F52-A38E-AC63BB499C10}.Release|iPhone.ActiveCfg = Release|Any CPU
		{0E7CB3CC-8E42-4F52-A38E-AC63BB499C10}.Release|iPhone.Build.0 = Release|Any CPU
		{0E7CB3CC-8E42-4F52-A38E-AC63BB499C10}.Release|iPhoneSimulator.ActiveCfg = Release|Any CPU
		{0E7CB3CC-8E42-4F52-A38E-AC63BB499C10}.Release|iPhoneSimulator.Build.0 = Release|Any CPU
		{390A3F85-0FCE-44A7-A641-DB98DDB3A06B}.Ad-Hoc|Any CPU.ActiveCfg = Release|Any CPU
		{390A3F85-0FCE-44A7-A641-DB98DDB3A06B}.Ad-Hoc|Any CPU.Build.0 = Release|Any CPU
		{390A3F85-0FCE-44A7-A641-DB98DDB3A06B}.Ad-Hoc|Any CPU.Deploy.0 = Release|Any CPU
		{390A3F85-0FCE-44A7-A641-DB98DDB3A06B}.Ad-Hoc|iPhone.ActiveCfg = Release|Any CPU
		{390A3F85-0FCE-44A7-A641-DB98DDB3A06B}.Ad-Hoc|iPhone.Build.0 = Release|Any CPU
		{390A3F85-0FCE-44A7-A641-DB98DDB3A06B}.Ad-Hoc|iPhone.Deploy.0 = Release|Any CPU
		{390A3F85-0FCE-44A7-A641-DB98DDB3A06B}.Ad-Hoc|iPhoneSimulator.ActiveCfg = Release|Any CPU
		{390A3F85-0FCE-44A7-A641-DB98DDB3A06B}.Ad-Hoc|iPhoneSimulator.Build.0 = Release|Any CPU
		{390A3F85-0FCE-44A7-A641-DB98DDB3A06B}.Ad-Hoc|iPhoneSimulator.Deploy.0 = Release|Any CPU
		{390A3F85-0FCE-44A7-A641-DB98DDB3A06B}.AppStore|Any CPU.ActiveCfg = Release|Any CPU
		{390A3F85-0FCE-44A7-A641-DB98DDB3A06B}.AppStore|Any CPU.Build.0 = Release|Any CPU
		{390A3F85-0FCE-44A7-A641-DB98DDB3A06B}.AppStore|Any CPU.Deploy.0 = Release|Any CPU
		{390A3F85-0FCE-44A7-A641-DB98DDB3A06B}.AppStore|iPhone.ActiveCfg = Release|Any CPU
		{390A3F85-0FCE-44A7-A641-DB98DDB3A06B}.AppStore|iPhone.Build.0 = Release|Any CPU
		{390A3F85-0FCE-44A7-A641-DB98DDB3A06B}.AppStore|iPhone.Deploy.0 = Release|Any CPU
		{390A3F85-0FCE-44A7-A641-DB98DDB3A06B}.AppStore|iPhoneSimulator.ActiveCfg = Release|Any CPU
		{390A3F85-0FCE-44A7-A641-DB98DDB3A06B}.AppStore|iPhoneSimulator.Build.0 = Release|Any CPU
		{390A3F85-0FCE-44A7-A641-DB98DDB3A06B}.AppStore|iPhoneSimulator.Deploy.0 = Release|Any CPU
		{390A3F85-0FCE-44A7-A641-DB98DDB3A06B}.Debug|Any CPU.ActiveCfg = Debug|Any CPU
		{390A3F85-0FCE-44A7-A641-DB98DDB3A06B}.Debug|Any CPU.Build.0 = Debug|Any CPU
		{390A3F85-0FCE-44A7-A641-DB98DDB3A06B}.Debug|Any CPU.Deploy.0 = Debug|Any CPU
		{390A3F85-0FCE-44A7-A641-DB98DDB3A06B}.Debug|iPhone.ActiveCfg = Debug|Any CPU
		{390A3F85-0FCE-44A7-A641-DB98DDB3A06B}.Debug|iPhone.Build.0 = Debug|Any CPU
		{390A3F85-0FCE-44A7-A641-DB98DDB3A06B}.Debug|iPhone.Deploy.0 = Debug|Any CPU
		{390A3F85-0FCE-44A7-A641-DB98DDB3A06B}.Debug|iPhoneSimulator.ActiveCfg = Debug|Any CPU
		{390A3F85-0FCE-44A7-A641-DB98DDB3A06B}.Debug|iPhoneSimulator.Build.0 = Debug|Any CPU
		{390A3F85-0FCE-44A7-A641-DB98DDB3A06B}.Debug|iPhoneSimulator.Deploy.0 = Debug|Any CPU
		{390A3F85-0FCE-44A7-A641-DB98DDB3A06B}.Release|Any CPU.ActiveCfg = Release|Any CPU
		{390A3F85-0FCE-44A7-A641-DB98DDB3A06B}.Release|Any CPU.Build.0 = Release|Any CPU
		{390A3F85-0FCE-44A7-A641-DB98DDB3A06B}.Release|Any CPU.Deploy.0 = Release|Any CPU
		{390A3F85-0FCE-44A7-A641-DB98DDB3A06B}.Release|iPhone.ActiveCfg = Release|Any CPU
		{390A3F85-0FCE-44A7-A641-DB98DDB3A06B}.Release|iPhone.Build.0 = Release|Any CPU
		{390A3F85-0FCE-44A7-A641-DB98DDB3A06B}.Release|iPhone.Deploy.0 = Release|Any CPU
		{390A3F85-0FCE-44A7-A641-DB98DDB3A06B}.Release|iPhoneSimulator.ActiveCfg = Release|Any CPU
		{390A3F85-0FCE-44A7-A641-DB98DDB3A06B}.Release|iPhoneSimulator.Build.0 = Release|Any CPU
		{390A3F85-0FCE-44A7-A641-DB98DDB3A06B}.Release|iPhoneSimulator.Deploy.0 = Release|Any CPU
		{A015B093-4CB7-4124-92CD-38A70A59B9AA}.Ad-Hoc|Any CPU.ActiveCfg = Ad-Hoc|iPhone
		{A015B093-4CB7-4124-92CD-38A70A59B9AA}.Ad-Hoc|iPhone.ActiveCfg = Ad-Hoc|iPhone
		{A015B093-4CB7-4124-92CD-38A70A59B9AA}.Ad-Hoc|iPhone.Build.0 = Ad-Hoc|iPhone
		{A015B093-4CB7-4124-92CD-38A70A59B9AA}.Ad-Hoc|iPhoneSimulator.ActiveCfg = Ad-Hoc|iPhoneSimulator
		{A015B093-4CB7-4124-92CD-38A70A59B9AA}.Ad-Hoc|iPhoneSimulator.Build.0 = Ad-Hoc|iPhoneSimulator
		{A015B093-4CB7-4124-92CD-38A70A59B9AA}.AppStore|Any CPU.ActiveCfg = AppStore|iPhone
		{A015B093-4CB7-4124-92CD-38A70A59B9AA}.AppStore|iPhone.ActiveCfg = AppStore|iPhone
		{A015B093-4CB7-4124-92CD-38A70A59B9AA}.AppStore|iPhone.Build.0 = AppStore|iPhone
		{A015B093-4CB7-4124-92CD-38A70A59B9AA}.AppStore|iPhoneSimulator.ActiveCfg = AppStore|iPhoneSimulator
		{A015B093-4CB7-4124-92CD-38A70A59B9AA}.AppStore|iPhoneSimulator.Build.0 = AppStore|iPhoneSimulator
		{A015B093-4CB7-4124-92CD-38A70A59B9AA}.Debug|Any CPU.ActiveCfg = Debug|iPhone
		{A015B093-4CB7-4124-92CD-38A70A59B9AA}.Debug|iPhone.ActiveCfg = Debug|iPhone
		{A015B093-4CB7-4124-92CD-38A70A59B9AA}.Debug|iPhone.Build.0 = Debug|iPhone
		{A015B093-4CB7-4124-92CD-38A70A59B9AA}.Debug|iPhoneSimulator.ActiveCfg = Debug|iPhoneSimulator
		{A015B093-4CB7-4124-92CD-38A70A59B9AA}.Debug|iPhoneSimulator.Build.0 = Debug|iPhoneSimulator
		{A015B093-4CB7-4124-92CD-38A70A59B9AA}.Release|Any CPU.ActiveCfg = Release|iPhone
		{A015B093-4CB7-4124-92CD-38A70A59B9AA}.Release|iPhone.ActiveCfg = Release|iPhone
		{A015B093-4CB7-4124-92CD-38A70A59B9AA}.Release|iPhone.Build.0 = Release|iPhone
		{A015B093-4CB7-4124-92CD-38A70A59B9AA}.Release|iPhoneSimulator.ActiveCfg = Release|iPhoneSimulator
		{A015B093-4CB7-4124-92CD-38A70A59B9AA}.Release|iPhoneSimulator.Build.0 = Release|iPhoneSimulator
		{B803B09D-4E85-47B0-9778-2483EBEA6E00}.Ad-Hoc|Any CPU.ActiveCfg = Debug|Any CPU
		{B803B09D-4E85-47B0-9778-2483EBEA6E00}.Ad-Hoc|Any CPU.Build.0 = Debug|Any CPU
		{B803B09D-4E85-47B0-9778-2483EBEA6E00}.Ad-Hoc|iPhone.ActiveCfg = Debug|Any CPU
		{B803B09D-4E85-47B0-9778-2483EBEA6E00}.Ad-Hoc|iPhone.Build.0 = Debug|Any CPU
		{B803B09D-4E85-47B0-9778-2483EBEA6E00}.Ad-Hoc|iPhoneSimulator.ActiveCfg = Debug|Any CPU
		{B803B09D-4E85-47B0-9778-2483EBEA6E00}.Ad-Hoc|iPhoneSimulator.Build.0 = Debug|Any CPU
		{B803B09D-4E85-47B0-9778-2483EBEA6E00}.AppStore|Any CPU.ActiveCfg = Debug|Any CPU
		{B803B09D-4E85-47B0-9778-2483EBEA6E00}.AppStore|Any CPU.Build.0 = Debug|Any CPU
		{B803B09D-4E85-47B0-9778-2483EBEA6E00}.AppStore|iPhone.ActiveCfg = Debug|Any CPU
		{B803B09D-4E85-47B0-9778-2483EBEA6E00}.AppStore|iPhone.Build.0 = Debug|Any CPU
		{B803B09D-4E85-47B0-9778-2483EBEA6E00}.AppStore|iPhoneSimulator.ActiveCfg = Debug|Any CPU
		{B803B09D-4E85-47B0-9778-2483EBEA6E00}.AppStore|iPhoneSimulator.Build.0 = Debug|Any CPU
		{B803B09D-4E85-47B0-9778-2483EBEA6E00}.Debug|Any CPU.ActiveCfg = Debug|Any CPU
		{B803B09D-4E85-47B0-9778-2483EBEA6E00}.Debug|Any CPU.Build.0 = Debug|Any CPU
		{B803B09D-4E85-47B0-9778-2483EBEA6E00}.Debug|iPhone.ActiveCfg = Debug|Any CPU
		{B803B09D-4E85-47B0-9778-2483EBEA6E00}.Debug|iPhone.Build.0 = Debug|Any CPU
		{B803B09D-4E85-47B0-9778-2483EBEA6E00}.Debug|iPhoneSimulator.ActiveCfg = Debug|Any CPU
		{B803B09D-4E85-47B0-9778-2483EBEA6E00}.Debug|iPhoneSimulator.Build.0 = Debug|Any CPU
		{B803B09D-4E85-47B0-9778-2483EBEA6E00}.Release|Any CPU.ActiveCfg = Release|Any CPU
		{B803B09D-4E85-47B0-9778-2483EBEA6E00}.Release|Any CPU.Build.0 = Release|Any CPU
		{B803B09D-4E85-47B0-9778-2483EBEA6E00}.Release|iPhone.ActiveCfg = Release|Any CPU
		{B803B09D-4E85-47B0-9778-2483EBEA6E00}.Release|iPhone.Build.0 = Release|Any CPU
		{B803B09D-4E85-47B0-9778-2483EBEA6E00}.Release|iPhoneSimulator.ActiveCfg = Release|Any CPU
		{B803B09D-4E85-47B0-9778-2483EBEA6E00}.Release|iPhoneSimulator.Build.0 = Release|Any CPU
	EndGlobalSection
	GlobalSection(SolutionProperties) = preSolution
		HideSolutionNode = FALSE
	EndGlobalSection
	GlobalSection(NestedProjects) = preSolution
		{390A3F85-0FCE-44A7-A641-DB98DDB3A06B} = {9E6047B5-28FC-4747-ACC0-ACFC972462EF}
	EndGlobalSection
	GlobalSection(ExtensibilityGlobals) = postSolution
		SolutionGuid = {4696AFDC-3883-40E1-A317-B9CCA4E5B908}
	EndGlobalSection
EndGlobal
